// !$*UTF8*$!
{
	archiveVersion = 1;
	classes = {
	};
	objectVersion = 50;
	objects = {

/* Begin PBXBuildFile section */
		64722A432405F40D00466ABE /* AppDelegate.swift in Sources */ = {isa = PBXBuildFile; fileRef = 64722A422405F40D00466ABE /* AppDelegate.swift */; };
		64722A452405F40D00466ABE /* SceneDelegate.swift in Sources */ = {isa = PBXBuildFile; fileRef = 64722A442405F40D00466ABE /* SceneDelegate.swift */; };
		64722A4A2405F40D00466ABE /* Main.storyboard in Resources */ = {isa = PBXBuildFile; fileRef = 64722A482405F40D00466ABE /* Main.storyboard */; };
		64722A4C2405F40E00466ABE /* Assets.xcassets in Resources */ = {isa = PBXBuildFile; fileRef = 64722A4B2405F40E00466ABE /* Assets.xcassets */; };
		64722A4F2405F40E00466ABE /* LaunchScreen.storyboard in Resources */ = {isa = PBXBuildFile; fileRef = 64722A4D2405F40E00466ABE /* LaunchScreen.storyboard */; };
		64722A592405F4E900466ABE /* Movie_ListScreen.swift in Sources */ = {isa = PBXBuildFile; fileRef = 64722A582405F4E900466ABE /* Movie_ListScreen.swift */; };
		64722A5B2405F52800466ABE /* Movie_TableViewCell.swift in Sources */ = {isa = PBXBuildFile; fileRef = 64722A5A2405F52800466ABE /* Movie_TableViewCell.swift */; };
		64722A5D2405F7CB00466ABE /* MovieCellAttributes.swift in Sources */ = {isa = PBXBuildFile; fileRef = 64722A5C2405F7CB00466ABE /* MovieCellAttributes.swift */; };
		64722A5F24060B0A00466ABE /* MovieAttribute.swift in Sources */ = {isa = PBXBuildFile; fileRef = 64722A5E24060B0A00466ABE /* MovieAttribute.swift */; };
		64722A61240615B200466ABE /* JSONRequestModel.swift in Sources */ = {isa = PBXBuildFile; fileRef = 64722A60240615B200466ABE /* JSONRequestModel.swift */; };
		64722A6324076E9900466ABE /* Movie_DetailViewController.swift in Sources */ = {isa = PBXBuildFile; fileRef = 64722A6224076E9900466ABE /* Movie_DetailViewController.swift */; };
		64722A66240771CE00466ABE /* MovieDetailCVModel.swift in Sources */ = {isa = PBXBuildFile; fileRef = 64722A65240771CE00466ABE /* MovieDetailCVModel.swift */; };
		64722A68240807EE00466ABE /* Movie_DetailCVCell.swift in Sources */ = {isa = PBXBuildFile; fileRef = 64722A67240807EE00466ABE /* Movie_DetailCVCell.swift */; };
		64722A6C240AD23000466ABE /* Rating_View.swift in Sources */ = {isa = PBXBuildFile; fileRef = 64722A6B240AD23000466ABE /* Rating_View.swift */; };
		64722A70240AFDC700466ABE /* Movie_SegController.swift in Sources */ = {isa = PBXBuildFile; fileRef = 64722A6F240AFDC700466ABE /* Movie_SegController.swift */; };
/* End PBXBuildFile section */

/* Begin PBXFileReference section */
		64722A3F2405F40D00466ABE /* CIS_651_Proj_3.app */ = {isa = PBXFileReference; explicitFileType = wrapper.application; includeInIndex = 0; path = CIS_651_Proj_3.app; sourceTree = BUILT_PRODUCTS_DIR; };
		64722A422405F40D00466ABE /* AppDelegate.swift */ = {isa = PBXFileReference; lastKnownFileType = sourcecode.swift; path = AppDelegate.swift; sourceTree = "<group>"; };
		64722A442405F40D00466ABE /* SceneDelegate.swift */ = {isa = PBXFileReference; lastKnownFileType = sourcecode.swift; path = SceneDelegate.swift; sourceTree = "<group>"; };
		64722A492405F40D00466ABE /* Base */ = {isa = PBXFileReference; lastKnownFileType = file.storyboard; name = Base; path = Base.lproj/Main.storyboard; sourceTree = "<group>"; };
		64722A4B2405F40E00466ABE /* Assets.xcassets */ = {isa = PBXFileReference; lastKnownFileType = folder.assetcatalog; path = Assets.xcassets; sourceTree = "<group>"; };
		64722A4E2405F40E00466ABE /* Base */ = {isa = PBXFileReference; lastKnownFileType = file.storyboard; name = Base; path = Base.lproj/LaunchScreen.storyboard; sourceTree = "<group>"; };
		64722A502405F40E00466ABE /* Info.plist */ = {isa = PBXFileReference; lastKnownFileType = text.plist.xml; path = Info.plist; sourceTree = "<group>"; };
		64722A582405F4E900466ABE /* Movie_ListScreen.swift */ = {isa = PBXFileReference; lastKnownFileType = sourcecode.swift; path = Movie_ListScreen.swift; sourceTree = "<group>"; };
		64722A5A2405F52800466ABE /* Movie_TableViewCell.swift */ = {isa = PBXFileReference; lastKnownFileType = sourcecode.swift; path = Movie_TableViewCell.swift; sourceTree = "<group>"; };
		64722A5C2405F7CB00466ABE /* MovieCellAttributes.swift */ = {isa = PBXFileReference; lastKnownFileType = sourcecode.swift; path = MovieCellAttributes.swift; sourceTree = "<group>"; };
		64722A5E24060B0A00466ABE /* MovieAttribute.swift */ = {isa = PBXFileReference; lastKnownFileType = sourcecode.swift; path = MovieAttribute.swift; sourceTree = "<group>"; };
		64722A60240615B200466ABE /* JSONRequestModel.swift */ = {isa = PBXFileReference; lastKnownFileType = sourcecode.swift; path = JSONRequestModel.swift; sourceTree = "<group>"; };
		64722A6224076E9900466ABE /* Movie_DetailViewController.swift */ = {isa = PBXFileReference; lastKnownFileType = sourcecode.swift; path = Movie_DetailViewController.swift; sourceTree = "<group>"; };
		64722A65240771CE00466ABE /* MovieDetailCVModel.swift */ = {isa = PBXFileReference; lastKnownFileType = sourcecode.swift; path = MovieDetailCVModel.swift; sourceTree = "<group>"; };
		64722A67240807EE00466ABE /* Movie_DetailCVCell.swift */ = {isa = PBXFileReference; lastKnownFileType = sourcecode.swift; path = Movie_DetailCVCell.swift; sourceTree = "<group>"; };
		64722A6B240AD23000466ABE /* Rating_View.swift */ = {isa = PBXFileReference; lastKnownFileType = sourcecode.swift; path = Rating_View.swift; sourceTree = "<group>"; };
		64722A6F240AFDC700466ABE /* Movie_SegController.swift */ = {isa = PBXFileReference; lastKnownFileType = sourcecode.swift; path = Movie_SegController.swift; sourceTree = "<group>"; };
/* End PBXFileReference section */

/* Begin PBXFrameworksBuildPhase section */
		64722A3C2405F40D00466ABE /* Frameworks */ = {
			isa = PBXFrameworksBuildPhase;
			buildActionMask = 2147483647;
			files = (
			);
			runOnlyForDeploymentPostprocessing = 0;
		};
/* End PBXFrameworksBuildPhase section */

/* Begin PBXGroup section */
		64722A362405F40D00466ABE = {
			isa = PBXGroup;
			children = (
				64722A412405F40D00466ABE /* CIS_651_Proj_3 */,
				64722A402405F40D00466ABE /* Products */,
			);
			sourceTree = "<group>";
		};
		64722A402405F40D00466ABE /* Products */ = {
			isa = PBXGroup;
			children = (
				64722A3F2405F40D00466ABE /* CIS_651_Proj_3.app */,
			);
			name = Products;
			sourceTree = "<group>";
		};
		64722A412405F40D00466ABE /* CIS_651_Proj_3 */ = {
			isa = PBXGroup;
			children = (
				64722A572405F4A900466ABE /* Model */,
				64722A562405F49A00466ABE /* ViewController */,
				64722A422405F40D00466ABE /* AppDelegate.swift */,
				64722A442405F40D00466ABE /* SceneDelegate.swift */,
				64722A482405F40D00466ABE /* Main.storyboard */,
				64722A4B2405F40E00466ABE /* Assets.xcassets */,
				64722A4D2405F40E00466ABE /* LaunchScreen.storyboard */,
				64722A502405F40E00466ABE /* Info.plist */,
			);
			path = CIS_651_Proj_3;
			sourceTree = "<group>";
		};
		64722A562405F49A00466ABE /* ViewController */ = {
			isa = PBXGroup;
			children = (
				64722A582405F4E900466ABE /* Movie_ListScreen.swift */,
				64722A5A2405F52800466ABE /* Movie_TableViewCell.swift */,
				64722A6224076E9900466ABE /* Movie_DetailViewController.swift */,
				64722A67240807EE00466ABE /* Movie_DetailCVCell.swift */,
				64722A6B240AD23000466ABE /* Rating_View.swift */,
				64722A6F240AFDC700466ABE /* Movie_SegController.swift */,
			);
			path = ViewController;
			sourceTree = "<group>";
		};
		64722A572405F4A900466ABE /* Model */ = {
			isa = PBXGroup;
			children = (
				64722A5C2405F7CB00466ABE /* MovieCellAttributes.swift */,
				64722A5E24060B0A00466ABE /* MovieAttribute.swift */,
				64722A60240615B200466ABE /* JSONRequestModel.swift */,
				64722A65240771CE00466ABE /* MovieDetailCVModel.swift */,
			);
			path = Model;
			sourceTree = "<group>";
		};
/* End PBXGroup section */

/* Begin PBXNativeTarget section */
		64722A3E2405F40D00466ABE /* CIS_651_Proj_3 */ = {
			isa = PBXNativeTarget;
			buildConfigurationList = 64722A532405F40E00466ABE /* Build configuration list for PBXNativeTarget "CIS_651_Proj_3" */;
			buildPhases = (
				64722A3B2405F40D00466ABE /* Sources */,
				64722A3C2405F40D00466ABE /* Frameworks */,
				64722A3D2405F40D00466ABE /* Resources */,
			);
			buildRules = (
			);
			dependencies = (
			);
			name = CIS_651_Proj_3;
			productName = CIS_651_Proj_3;
			productReference = 64722A3F2405F40D00466ABE /* CIS_651_Proj_3.app */;
			productType = "com.apple.product-type.application";
		};
/* End PBXNativeTarget section */

/* Begin PBXProject section */
		64722A372405F40D00466ABE /* Project object */ = {
			isa = PBXProject;
			attributes = {
				LastSwiftUpdateCheck = 1130;
				LastUpgradeCheck = 1130;
				ORGANIZATIONNAME = "Mengtao Tang";
				TargetAttributes = {
					64722A3E2405F40D00466ABE = {
						CreatedOnToolsVersion = 11.3.1;
					};
				};
			};
			buildConfigurationList = 64722A3A2405F40D00466ABE /* Build configuration list for PBXProject "CIS_651_Proj_3" */;
			compatibilityVersion = "Xcode 9.3";
			developmentRegion = en;
			hasScannedForEncodings = 0;
			knownRegions = (
				en,
				Base,
			);
			mainGroup = 64722A362405F40D00466ABE;
			productRefGroup = 64722A402405F40D00466ABE /* Products */;
			projectDirPath = "";
			projectRoot = "";
			targets = (
				64722A3E2405F40D00466ABE /* CIS_651_Proj_3 */,
			);
		};
/* End PBXProject section */

/* Begin PBXResourcesBuildPhase section */
		64722A3D2405F40D00466ABE /* Resources */ = {
			isa = PBXResourcesBuildPhase;
			buildActionMask = 2147483647;
			files = (
				64722A4F2405F40E00466ABE /* LaunchScreen.storyboard in Resources */,
				64722A4C2405F40E00466ABE /* Assets.xcassets in Resources */,
				64722A4A2405F40D00466ABE /* Main.storyboard in Resources */,
			);
			runOnlyForDeploymentPostprocessing = 0;
		};
/* End PBXResourcesBuildPhase section */

/* Begin PBXSourcesBuildPhase section */
		64722A3B2405F40D00466ABE /* Sources */ = {
			isa = PBXSourcesBuildPhase;
			buildActionMask = 2147483647;
			files = (
				64722A592405F4E900466ABE /* Movie_ListScreen.swift in Sources */,
				64722A5B2405F52800466ABE /* Movie_TableViewCell.swift in Sources */,
				64722A5D2405F7CB00466ABE /* MovieCellAttributes.swift in Sources */,
				64722A6324076E9900466ABE /* Movie_DetailViewController.swift in Sources */,
				64722A5F24060B0A00466ABE /* MovieAttribute.swift in Sources */,
				64722A61240615B200466ABE /* JSONRequestModel.swift in Sources */,
				64722A68240807EE00466ABE /* Movie_DetailCVCell.swift in Sources */,
				64722A432405F40D00466ABE /* AppDelegate.swift in Sources */,
				64722A66240771CE00466ABE /* MovieDetailCVModel.swift in Sources */,
				64722A452405F40D00466ABE /* SceneDelegate.swift in Sources */,
				64722A70240AFDC700466ABE /* Movie_SegController.swift in Sources */,
				64722A6C240AD23000466ABE /* Rating_View.swift in Sources */,
			);
			runOnlyForDeploymentPostprocessing = 0;
		};
/* End PBXSourcesBuildPhase section */

/* Begin PBXVariantGroup section */
		64722A482405F40D00466ABE /* Main.storyboard */ = {
			isa = PBXVariantGroup;
			children = (
				64722A492405F40D00466ABE /* Base */,
			);
			name = Main.storyboard;
			sourceTree = "<group>";
		};
		64722A4D2405F40E00466ABE /* LaunchScreen.storyboard */ = {
			isa = PBXVariantGroup;
			children = (
				64722A4E2405F40E00466ABE /* Base */,
			);
			name = LaunchScreen.storyboard;
			sourceTree = "<group>";
		};
/* End PBXVariantGroup section */

/* Begin XCBuildConfiguration section */
		64722A512405F40E00466ABE /* Debug */ = {
			isa = XCBuildConfiguration;
			buildSettings = {
				ALWAYS_SEARCH_USER_PATHS = NO;
				CLANG_ANALYZER_NONNULL = YES;
				CLANG_ANALYZER_NUMBER_OBJECT_CONVERSION = YES_AGGRESSIVE;
				CLANG_CXX_LANGUAGE_STANDARD = "gnu++14";
				CLANG_CXX_LIBRARY = "libc++";
				CLANG_ENABLE_MODULES = YES;
				CLANG_ENABLE_OBJC_ARC = YES;
				CLANG_ENABLE_OBJC_WEAK = YES;
				CLANG_WARN_BLOCK_CAPTURE_AUTORELEASING = YES;
				CLANG_WARN_BOOL_CONVERSION = YES;
				CLANG_WARN_COMMA = YES;
				CLANG_WARN_CONSTANT_CONVERSION = YES;
				CLANG_WARN_DEPRECATED_OBJC_IMPLEMENTATIONS = YES;
				CLANG_WARN_DIRECT_OBJC_ISA_USAGE = YES_ERROR;
				CLANG_WARN_DOCUMENTATION_COMMENTS = YES;
				CLANG_WARN_EMPTY_BODY = YES;
				CLANG_WARN_ENUM_CONVERSION = YES;
				CLANG_WARN_INFINITE_RECURSION = YES;
				CLANG_WARN_INT_CONVERSION = YES;
				CLANG_WARN_NON_LITERAL_NULL_CONVERSION = YES;
				CLANG_WARN_OBJC_IMPLICIT_RETAIN_SELF = YES;
				CLANG_WARN_OBJC_LITERAL_CONVERSION = YES;
				CLANG_WARN_OBJC_ROOT_CLASS = YES_ERROR;
				CLANG_WARN_RANGE_LOOP_ANALYSIS = YES;
				CLANG_WARN_STRICT_PROTOTYPES = YES;
				CLANG_WARN_SUSPICIOUS_MOVE = YES;
				CLANG_WARN_UNGUARDED_AVAILABILITY = YES_AGGRESSIVE;
				CLANG_WARN_UNREACHABLE_CODE = YES;
				CLANG_WARN__DUPLICATE_METHOD_MATCH = YES;
				COPY_PHASE_STRIP = NO;
				DEBUG_INFORMATION_FORMAT = dwarf;
				ENABLE_STRICT_OBJC_MSGSEND = YES;
				ENABLE_TESTABILITY = YES;
				GCC_C_LANGUAGE_STANDARD = gnu11;
				GCC_DYNAMIC_NO_PIC = NO;
				GCC_NO_COMMON_BLOCKS = YES;
				GCC_OPTIMIZATION_LEVEL = 0;
				GCC_PREPROCESSOR_DEFINITIONS = (
					"DEBUG=1",
					"$(inherited)",
				);
				GCC_WARN_64_TO_32_BIT_CONVERSION = YES;
				GCC_WARN_ABOUT_RETURN_TYPE = YES_ERROR;
				GCC_WARN_UNDECLARED_SELECTOR = YES;
				GCC_WARN_UNINITIALIZED_AUTOS = YES_AGGRESSIVE;
				GCC_WARN_UNUSED_FUNCTION = YES;
				GCC_WARN_UNUSED_VARIABLE = YES;
				IPHONEOS_DEPLOYMENT_TARGET = 13.2;
				MTL_ENABLE_DEBUG_INFO = INCLUDE_SOURCE;
				MTL_FAST_MATH = YES;
				ONLY_ACTIVE_ARCH = YES;
				SDKROOT = iphoneos;
				SWIFT_ACTIVE_COMPILATION_CONDITIONS = DEBUG;
				SWIFT_OPTIMIZATION_LEVEL = "-Onone";
			};
			name = Debug;
		};
		64722A522405F40E00466ABE /* Release */ = {
			isa = XCBuildConfiguration;
			buildSettings = {
				ALWAYS_SEARCH_USER_PATHS = NO;
				CLANG_ANALYZER_NONNULL = YES;
				CLANG_ANALYZER_NUMBER_OBJECT_CONVERSION = YES_AGGRESSIVE;
				CLANG_CXX_LANGUAGE_STANDARD = "gnu++14";
				CLANG_CXX_LIBRARY = "libc++";
				CLANG_ENABLE_MODULES = YES;
				CLANG_ENABLE_OBJC_ARC = YES;
				CLANG_ENABLE_OBJC_WEAK = YES;
				CLANG_WARN_BLOCK_CAPTURE_AUTORELEASING = YES;
				CLANG_WARN_BOOL_CONVERSION = YES;
				CLANG_WARN_COMMA = YES;
				CLANG_WARN_CONSTANT_CONVERSION = YES;
				CLANG_WARN_DEPRECATED_OBJC_IMPLEMENTATIONS = YES;
				CLANG_WARN_DIRECT_OBJC_ISA_USAGE = YES_ERROR;
				CLANG_WARN_DOCUMENTATION_COMMENTS = YES;
				CLANG_WARN_EMPTY_BODY = YES;
				CLANG_WARN_ENUM_CONVERSION = YES;
				CLANG_WARN_INFINITE_RECURSION = YES;
				CLANG_WARN_INT_CONVERSION = YES;
				CLANG_WARN_NON_LITERAL_NULL_CONVERSION = YES;
				CLANG_WARN_OBJC_IMPLICIT_RETAIN_SELF = YES;
				CLANG_WARN_OBJC_LITERAL_CONVERSION = YES;
				CLANG_WARN_OBJC_ROOT_CLASS = YES_ERROR;
				CLANG_WARN_RANGE_LOOP_ANALYSIS = YES;
				CLANG_WARN_STRICT_PROTOTYPES = YES;
				CLANG_WARN_SUSPICIOUS_MOVE = YES;
				CLANG_WARN_UNGUARDED_AVAILABILITY = YES_AGGRESSIVE;
				CLANG_WARN_UNREACHABLE_CODE = YES;
				CLANG_WARN__DUPLICATE_METHOD_MATCH = YES;
				COPY_PHASE_STRIP = NO;
				DEBUG_INFORMATION_FORMAT = "dwarf-with-dsym";
				ENABLE_NS_ASSERTIONS = NO;
				ENABLE_STRICT_OBJC_MSGSEND = YES;
				GCC_C_LANGUAGE_STANDARD = gnu11;
				GCC_NO_COMMON_BLOCKS = YES;
				GCC_WARN_64_TO_32_BIT_CONVERSION = YES;
				GCC_WARN_ABOUT_RETURN_TYPE = YES_ERROR;
				GCC_WARN_UNDECLARED_SELECTOR = YES;
				GCC_WARN_UNINITIALIZED_AUTOS = YES_AGGRESSIVE;
				GCC_WARN_UNUSED_FUNCTION = YES;
				GCC_WARN_UNUSED_VARIABLE = YES;
				IPHONEOS_DEPLOYMENT_TARGET = 13.2;
				MTL_ENABLE_DEBUG_INFO = NO;
				MTL_FAST_MATH = YES;
				SDKROOT = iphoneos;
				SWIFT_COMPILATION_MODE = wholemodule;
				SWIFT_OPTIMIZATION_LEVEL = "-O";
				VALIDATE_PRODUCT = YES;
			};
			name = Release;
		};
		64722A542405F40E00466ABE /* Debug */ = {
			isa = XCBuildConfiguration;
			buildSettings = {
				ASSETCATALOG_COMPILER_APPICON_NAME = AppIcon;
				CODE_SIGN_STYLE = Automatic;
				INFOPLIST_FILE = CIS_651_Proj_3/Info.plist;
				LD_RUNPATH_SEARCH_PATHS = (
					"$(inherited)",
					"@executable_path/Frameworks",
				);
				PRODUCT_BUNDLE_IDENTIFIER = "CIS-651.CIS-651-Proj-3";
				PRODUCT_NAME = "$(TARGET_NAME)";
				SWIFT_VERSION = 5.0;
				TARGETED_DEVICE_FAMILY = "1,2";
			};
			name = Debug;
		};
		64722A552405F40E00466ABE /* Release */ = {
			isa = XCBuildConfiguration;
			buildSettings = {
				ASSETCATALOG_COMPILER_APPICON_NAME = AppIcon;
				CODE_SIGN_STYLE = Automatic;
				INFOPLIST_FILE = CIS_651_Proj_3/Info.plist;
				LD_RUNPATH_SEARCH_PATHS = (
					"$(inherited)",
					"@executable_path/Frameworks",
				);
				PRODUCT_BUNDLE_IDENTIFIER = "CIS-651.CIS-651-Proj-3";
				PRODUCT_NAME = "$(TARGET_NAME)";
				SWIFT_VERSION = 5.0;
				TARGETED_DEVICE_FAMILY = "1,2";
			};
			name = Release;
		};
/* End XCBuildConfiguration section */

/* Begin XCConfigurationList section */
		64722A3A2405F40D00466ABE /* Build configuration list for PBXProject "CIS_651_Proj_3" */ = {
			isa = XCConfigurationList;
			buildConfigurations = (
				64722A512405F40E00466ABE /* Debug */,
				64722A522405F40E00466ABE /* Release */,
			);
			defaultConfigurationIsVisible = 0;
			defaultConfigurationName = Release;
		};
		64722A532405F40E00466ABE /* Build configuration list for PBXNativeTarget "CIS_651_Proj_3" */ = {
			isa = XCConfigurationList;
			buildConfigurations = (
				64722A542405F40E00466ABE /* Debug */,
				64722A552405F40E00466ABE /* Release */,
			);
			defaultConfigurationIsVisible = 0;
			defaultConfigurationName = Release;
		};
/* End XCConfigurationList section */
	};
	rootObject = 64722A372405F40D00466ABE /* Project object */;
}
